
Microsoft Visual Studio Solution File, Format Version 12.00
# Visual Studio Version 16
VisualStudioVersion = 16.0.31410.357
MinimumVisualStudioVersion = 10.0.40219.1
Project("{FAE04EC0-301F-11D3-BF4B-00C04F79EFBC}") = "WeatherAppDemo", "WeatherAppDemo.csproj", "{F03ABA10-F9D9-454B-998D-EBEA6A720E2B}"
EndProject
Global
	GlobalSection(SolutionConfigurationPlatforms) = preSolution
		Debug|Any CPU = Debug|Any CPU
		Release|Any CPU = Release|Any CPU
	EndGlobalSection
	GlobalSection(ProjectConfigurationPlatforms) = postSolution
		{F03ABA10-F9D9-454B-998D-EBEA6A720E2B}.Debug|Any CPU.ActiveCfg = Debug|Any CPU
		{F03ABA10-F9D9-454B-998D-EBEA6A720E2B}.Debug|Any CPU.Build.0 = Debug|Any CPU
		{F03ABA10-F9D9-454B-998D-EBEA6A720E2B}.Release|Any CPU.ActiveCfg = Release|Any CPU
		{F03ABA10-F9D9-454B-998D-EBEA6A720E2B}.Release|Any CPU.Build.0 = Release|Any CPU
	EndGlobalSection
	GlobalSection(SolutionProperties) = preSolution
		HideSolutionNode = FALSE
	EndGlobalSection
	GlobalSection(ExtensibilityGlobals) = postSolution
		SolutionGuid = {F193BD16-4D25-4E37-95F7-B79188A297D4}
	EndGlobalSection
EndGlobal
